
Microsoft Visual Studio Solution File, Format Version 12.00
# Visual Studio 15
VisualStudioVersion = 15.0.28307.572
MinimumVisualStudioVersion = 10.0.40219.1
Project("{FAE04EC0-301F-11D3-BF4B-00C04F79EFBC}") = "App1.Android", "App1\App1.Android\App1.Android.csproj", "{C799EFF3-6A5A-4375-AFB9-ED8ABA8A711A}"
EndProject
Project("{9A19103F-16F7-4668-BE54-9A1E7A4F7556}") = "App1", "App1\App1\App1.csproj", "{707282D9-475B-4152-BF3D-31B056B4419D}"
EndProject
Global
	GlobalSection(SolutionConfigurationPlatforms) = preSolution
		Debug|Any CPU = Debug|Any CPU
		Release|Any CPU = Release|Any CPU
	EndGlobalSection
	GlobalSection(ProjectConfigurationPlatforms) = postSolution
		{C799EFF3-6A5A-4375-AFB9-ED8ABA8A711A}.Debug|Any CPU.ActiveCfg = Debug|Any CPU
		{C799EFF3-6A5A-4375-AFB9-ED8ABA8A711A}.Debug|Any CPU.Build.0 = Debug|Any CPU
		{C799EFF3-6A5A-4375-AFB9-ED8ABA8A711A}.Debug|Any CPU.Deploy.0 = Debug|Any CPU
		{C799EFF3-6A5A-4375-AFB9-ED8ABA8A711A}.Release|Any CPU.ActiveCfg = Release|Any CPU
		{C799EFF3-6A5A-4375-AFB9-ED8ABA8A711A}.Release|Any CPU.Build.0 = Release|Any CPU
		{C799EFF3-6A5A-4375-AFB9-ED8ABA8A711A}.Release|Any CPU.Deploy.0 = Release|Any CPU
		{707282D9-475B-4152-BF3D-31B056B4419D}.Debug|Any CPU.ActiveCfg = Debug|Any CPU
		{707282D9-475B-4152-BF3D-31B056B4419D}.Debug|Any CPU.Build.0 = Debug|Any CPU
		{707282D9-475B-4152-BF3D-31B056B4419D}.Release|Any CPU.ActiveCfg = Release|Any CPU
		{707282D9-475B-4152-BF3D-31B056B4419D}.Release|Any CPU.Build.0 = Release|Any CPU
	EndGlobalSection
	GlobalSection(SolutionProperties) = preSolution
		HideSolutionNode = FALSE
	EndGlobalSection
	GlobalSection(ExtensibilityGlobals) = postSolution
		SolutionGuid = {E214879E-2C44-442E-81FE-4F168DC33509}
	EndGlobalSection
EndGlobal
